# This file is generated by running "yarn install" inside your project.
# Manual changes might be lost - proceed with caution!

__metadata:
  version: 6
  cacheKey: 8

"@jabberwocky-labs/prettier-config@https://github.com/jabberwocky-labs/prettier-config":
  version: 0.0.1
  resolution: "@jabberwocky-labs/prettier-config@https://github.com/jabberwocky-labs/prettier-config.git#commit=78aa87a2a6c448d1dd2997806eef5be274a3ad6d"
  checksum: 975641328c89816b7398f20c5286130a425069ce3eef5acf730fac5c75ab9c046e7af35782282f98fb8d9e852117c3658358ff01131ed124f3c2e83695144e99
  languageName: node
  linkType: hard

"@jabberwocky-labs/tsconfig-nextjs@workspace:.":
  version: 0.0.0-use.local
  resolution: "@jabberwocky-labs/tsconfig-nextjs@workspace:."
  dependencies:
    "@jabberwocky-labs/prettier-config": "https://github.com/jabberwocky-labs/prettier-config"
    prettier: ^2.8.3
  languageName: unknown
  linkType: soft

"prettier@npm:^2.8.3":
  version: 2.8.3
  resolution: "prettier@npm:2.8.3"
  bin:
    prettier: bin-prettier.js
  checksum: 92f2ceb522d454370e02082aa74ad27388672f7cee8975028b59517c069fe643bdc73e322675c8faf2ff173d7a626d1a6389f26b474000308e793aa25fff46e5
  languageName: node
  linkType: hard
