# This file is generated by running "yarn install" inside your project.
# Manual changes might be lost - proceed with caution!

__metadata:
  version: 6
  cacheKey: 8

"@jabberwocky-labs/prettier-config@https://github.com/jabberwocky-labs/prettier-config":
  version: 0.0.1
  resolution: "@jabberwocky-labs/prettier-config@https://github.com/jabberwocky-labs/prettier-config.git#commit=5aa6762e8a0d7a03b9b09eb17180c96cc4d3177c"
  checksum: cdd001fd5597ca4e65e56bdce03aeea9c23cbbfc949393c83981e3c85ba2c2057954af42c79406bc63e167b781690a30082e2bc60692b4eee9f0649564c17c43
  languageName: node
  linkType: hard

"@jabberwocky-labs/tsconfig-nextjs@workspace:.":
  version: 0.0.0-use.local
  resolution: "@jabberwocky-labs/tsconfig-nextjs@workspace:."
  dependencies:
    "@jabberwocky-labs/prettier-config": "https://github.com/jabberwocky-labs/prettier-config"
    prettier: 2.8.3
  languageName: unknown
  linkType: soft

"prettier@npm:2.8.3":
  version: 2.8.3
  resolution: "prettier@npm:2.8.3"
  bin:
    prettier: bin-prettier.js
  checksum: 92f2ceb522d454370e02082aa74ad27388672f7cee8975028b59517c069fe643bdc73e322675c8faf2ff173d7a626d1a6389f26b474000308e793aa25fff46e5
  languageName: node
  linkType: hard
